github.com/HeywardHagenbuch/dog v0.0.0-20230525210513-8cac314d805f h1:2nw8ZxG2q6dUpTMvy6/sz/MsUOCM8ZQmRltMiTMhC6o=
github.com/HeywardHagenbuch/dog v0.0.0-20230525210513-8cac314d805f/go.mod h1:FUsOqFf7htUYL0xYkuJGKbrhP09/UMymYcS1gXNXoVQ=
github.com/HeywardHagenbuch/puppy v0.0.0-20230525204815-0f7746574450 h1:ngHy0wmhdv02kU37bqNoJV/zNzZ+Jjw4A2RCzQXkBgc=
github.com/HeywardHagenbuch/puppy v0.0.0-20230525204815-0f7746574450/go.mod h1:q0h67Yh4yWlof1GTfxreVJMXkgU+UWTRwcke7EwnPHI=
github.com/HeywardHagenbuch/puppy v0.0.0-20230525210922-32274d44ae12 h1:kPTHhbG6Cscf58cox0/D5gMoIk9wxMYGUupYAhzShj8=
github.com/HeywardHagenbuch/puppy v0.0.0-20230525210922-32274d44ae12/go.mod h1:lchOfiMbZCiCULexsyWxVpCF3I1s5rRQ+ILBTxJmN3Y=
github.com/HeywardHagenbuch/puppy v1.3.0 h1:GHBVKwYlGCOEarMmdWM0QpFIY9rp/Q7V4P0vEkba/k0=
github.com/HeywardHagenbuch/puppy v1.3.0/go.mod h1:lchOfiMbZCiCULexsyWxVpCF3I1s5rRQ+ILBTxJmN3Y=
